<?xml version="1.0" encoding="utf-8"?>
<Project ToolsVersion="4.0" xmlns="http://schemas.microsoft.com/developer/msbuild/2003">
  <ItemGroup>
    <Filter Include="Assets">
      <UniqueIdentifier>ff753563-14c6-46c5-a0f7-26ceac65c7a1</UniqueIdentifier>
      <Extensions>ico;cur;bmp;dds;dlg;fbx;rct;bin;rgs;gif;jpg;jpeg;jpe;resx;tga;tiff;tif;png;wav;mfcribbon-ms</Extensions>
    </Filter>
    <Filter Include="Camera">
      <UniqueIdentifier>{f3c57edc-eff2-4eeb-90e5-0b63066be3c3}</UniqueIdentifier>
    </Filter>
    <Filter Include="Object">
      <UniqueIdentifier>{72d9d8fa-a521-4a3a-86a7-35e915244b1e}</UniqueIdentifier>
    </Filter>
    <Filter Include="Object\Caracter">
      <UniqueIdentifier>{45749db3-1d7a-4c60-a7bd-6f2753154c01}</UniqueIdentifier>
    </Filter>
    <Filter Include="System">
      <UniqueIdentifier>{b6720396-0339-4347-8dd0-a60936c46c0b}</UniqueIdentifier>
    </Filter>
    <Filter Include="System\Colision">
      <UniqueIdentifier>{72bb72ee-e993-483b-9972-9b15f2b4b639}</UniqueIdentifier>
    </Filter>
  </ItemGroup>
  <ItemGroup>
    <ClInclude Include="pch.h" />
    <ClInclude Include="Game.h" />
    <ClInclude Include="StepTimer.h" />
    <ClInclude Include="Enemy.h">
      <Filter>Object\Caracter</Filter>
    </ClInclude>
    <ClInclude Include="Player.h">
      <Filter>Object\Caracter</Filter>
    </ClInclude>
    <ClInclude Include="Camera.h">
      <Filter>Camera</Filter>
    </ClInclude>
    <ClInclude Include="DebugCamera.h">
      <Filter>Camera</Filter>
    </ClInclude>
    <ClInclude Include="FollowCamera.h">
      <Filter>Camera</Filter>
    </ClInclude>
    <ClInclude Include="Obj3d.h">
      <Filter>Object</Filter>
    </ClInclude>
    <ClInclude Include="Colision.h">
      <Filter>System\Colision</Filter>
    </ClInclude>
    <ClInclude Include="CollisionNode.h">
      <Filter>System\Colision</Filter>
    </ClInclude>
    <ClInclude Include="ModelEffect.h">
      <Filter>System</Filter>
    </ClInclude>
    <ClInclude Include="LandShape.h" />
    <ClInclude Include="LandShapeData.h" />
  </ItemGroup>
  <ItemGroup>
    <ClCompile Include="pch.cpp" />
    <ClCompile Include="Game.cpp" />
    <ClCompile Include="Main.cpp" />
    <ClCompile Include="Enemy.cpp">
      <Filter>Object\Caracter</Filter>
    </ClCompile>
    <ClCompile Include="Player.cpp">
      <Filter>Object\Caracter</Filter>
    </ClCompile>
    <ClCompile Include="Camera.cpp">
      <Filter>Camera</Filter>
    </ClCompile>
    <ClCompile Include="DebugCamera.cpp">
      <Filter>Camera</Filter>
    </ClCompile>
    <ClCompile Include="FollowCamera.cpp">
      <Filter>Camera</Filter>
    </ClCompile>
    <ClCompile Include="Obj3d.cpp">
      <Filter>Object</Filter>
    </ClCompile>
    <ClCompile Include="Colision.cpp">
      <Filter>System\Colision</Filter>
    </ClCompile>
    <ClCompile Include="CollisionNode.cpp">
      <Filter>System\Colision</Filter>
    </ClCompile>
    <ClCompile Include="ModelEffect.cpp">
      <Filter>System</Filter>
    </ClCompile>
    <ClCompile Include="LandShape.cpp" />
    <ClCompile Include="LandShapeData.cpp" />
  </ItemGroup>
  <ItemGroup>
    <ResourceCompile Include="resource.rc" />
  </ItemGroup>
  <ItemGroup>
    <Image Include="directx.ico">
      <Filter>Assets</Filter>
    </Image>
    <Image Include="Assets\ground.png">
      <Filter>Assets</Filter>
    </Image>
  </ItemGroup>
  <ItemGroup>
    <Manifest Include="settings.manifest">
      <Filter>Assets</Filter>
    </Manifest>
  </ItemGroup>
  <ItemGroup>
    <MeshContentTask Include="Assets\ground1m.FBX">
      <Filter>Assets</Filter>
    </MeshContentTask>
    <MeshContentTask Include="Assets\sky.FBX">
      <Filter>Assets</Filter>
    </MeshContentTask>
    <MeshContentTask Include="Assets\kyuu.FBX">
      <Filter>Assets</Filter>
    </MeshContentTask>
    <MeshContentTask Include="Assets\ground20m.FBX">
      <Filter>Assets</Filter>
    </MeshContentTask>
    <MeshContentTask Include="Assets\teaPod.FBX">
      <Filter>Assets</Filter>
    </MeshContentTask>
    <MeshContentTask Include="Assets\robotBase.FBX">
      <Filter>Assets</Filter>
    </MeshContentTask>
    <MeshContentTask Include="Assets\robotBreast.FBX">
      <Filter>Assets</Filter>
    </MeshContentTask>
    <MeshContentTask Include="Assets\robotBody.FBX">
      <Filter>Assets</Filter>
    </MeshContentTask>
    <MeshContentTask Include="Assets\robotWing.FBX">
      <Filter>Assets</Filter>
    </MeshContentTask>
    <MeshContentTask Include="Assets\robotHead.FBX">
      <Filter>Assets</Filter>
    </MeshContentTask>
    <MeshContentTask Include="Assets\sphereNode.FBX">
      <Filter>Assets</Filter>
    </MeshContentTask>
    <MeshContentTask Include="Assets\shadow.FBX">
      <Filter>Assets</Filter>
    </MeshContentTask>
  </ItemGroup>
</Project>